{
  "nodes": {
    "nixpkgs": {
      "locked": {
        "lastModified": 1733479337,
        "narHash": "sha256-MQU+VnrN/L03J/Mq3apkpKUOIryWiDv41FWqNmIknu0=",
        "owner": "yoctocell",
        "repo": "nixpkgs",
        "rev": "d1ae543c98eda497cf0724da2795fcfd3dac029e",
        "type": "github"
      },
      "original": {
        "owner": "yoctocell",
        "ref": "add-python-lark-oapi",
        "repo": "nixpkgs",
        "type": "github"
      }
    },
    "root": {
      "inputs": {
        "nixpkgs": "nixpkgs"
      }
    }
  },
  "root": "root",
  "version": 7
}
